
Microsoft Visual Studio Solution File, Format Version 12.00
# Visual Studio Version 17
VisualStudioVersion = 17.6.33829.357
MinimumVisualStudioVersion = 10.0.40219.1
Project("{9A19103F-16F7-4668-BE54-9A1E7A4F7556}") = "AteaScraper", "AteaSkyscraper I\AteaScraper.csproj", "{C8DB1A27-84F9-4368-99AB-41C55DC22E97}"
EndProject
Project("{9A19103F-16F7-4668-BE54-9A1E7A4F7556}") = "AteaScraper.Integrations", "AteaScraper\AteaScraper.Integrations.csproj", "{348DA540-1902-456F-A8AD-4BF6C3E11EB8}"
EndProject
Project("{9A19103F-16F7-4668-BE54-9A1E7A4F7556}") = "AteaScraper.Integrations.Test", "..\AteaScraper.Integrations.Test\AteaScraper.Integrations.Test.csproj", "{ACF5758D-FD4A-423F-BAAE-B4B69256DA77}"
EndProject
Global
	GlobalSection(SolutionConfigurationPlatforms) = preSolution
		Debug|Any CPU = Debug|Any CPU
		Release|Any CPU = Release|Any CPU
	EndGlobalSection
	GlobalSection(ProjectConfigurationPlatforms) = postSolution
		{C8DB1A27-84F9-4368-99AB-41C55DC22E97}.Debug|Any CPU.ActiveCfg = Debug|Any CPU
		{C8DB1A27-84F9-4368-99AB-41C55DC22E97}.Debug|Any CPU.Build.0 = Debug|Any CPU
		{C8DB1A27-84F9-4368-99AB-41C55DC22E97}.Release|Any CPU.ActiveCfg = Release|Any CPU
		{C8DB1A27-84F9-4368-99AB-41C55DC22E97}.Release|Any CPU.Build.0 = Release|Any CPU
		{348DA540-1902-456F-A8AD-4BF6C3E11EB8}.Debug|Any CPU.ActiveCfg = Debug|Any CPU
		{348DA540-1902-456F-A8AD-4BF6C3E11EB8}.Debug|Any CPU.Build.0 = Debug|Any CPU
		{348DA540-1902-456F-A8AD-4BF6C3E11EB8}.Release|Any CPU.ActiveCfg = Release|Any CPU
		{348DA540-1902-456F-A8AD-4BF6C3E11EB8}.Release|Any CPU.Build.0 = Release|Any CPU
		{ACF5758D-FD4A-423F-BAAE-B4B69256DA77}.Debug|Any CPU.ActiveCfg = Debug|Any CPU
		{ACF5758D-FD4A-423F-BAAE-B4B69256DA77}.Debug|Any CPU.Build.0 = Debug|Any CPU
		{ACF5758D-FD4A-423F-BAAE-B4B69256DA77}.Release|Any CPU.ActiveCfg = Release|Any CPU
		{ACF5758D-FD4A-423F-BAAE-B4B69256DA77}.Release|Any CPU.Build.0 = Release|Any CPU
	EndGlobalSection
	GlobalSection(SolutionProperties) = preSolution
		HideSolutionNode = FALSE
	EndGlobalSection
	GlobalSection(ExtensibilityGlobals) = postSolution
		SolutionGuid = {5C469F04-7A22-43EA-8F3F-5B11F0CB91BC}
	EndGlobalSection
EndGlobal
